
Microsoft Visual Studio Solution File, Format Version 12.00
# Visual Studio Version 16
VisualStudioVersion = 16.0.810.16
MinimumVisualStudioVersion = 10.0.40219.1
Project("{FAE04EC0-301F-11D3-BF4B-00C04F79EFBC}") = "StreamAndFIles", "StreamAndFIles\StreamAndFIles.csproj", "{3F40CECD-D9C9-4E70-9F6D-CF3419CAD34F}"
EndProject
Global
	GlobalSection(SolutionConfigurationPlatforms) = preSolution
		Debug|Any CPU = Debug|Any CPU
		Release|Any CPU = Release|Any CPU
	EndGlobalSection
	GlobalSection(ProjectConfigurationPlatforms) = postSolution
		{3F40CECD-D9C9-4E70-9F6D-CF3419CAD34F}.Debug|Any CPU.ActiveCfg = Debug|Any CPU
		{3F40CECD-D9C9-4E70-9F6D-CF3419CAD34F}.Debug|Any CPU.Build.0 = Debug|Any CPU
		{3F40CECD-D9C9-4E70-9F6D-CF3419CAD34F}.Release|Any CPU.ActiveCfg = Release|Any CPU
		{3F40CECD-D9C9-4E70-9F6D-CF3419CAD34F}.Release|Any CPU.Build.0 = Release|Any CPU
	EndGlobalSection
	GlobalSection(SolutionProperties) = preSolution
		HideSolutionNode = FALSE
	EndGlobalSection
	GlobalSection(ExtensibilityGlobals) = postSolution
		SolutionGuid = {1D72B612-4040-4EAC-86B2-65ED315AA305}
	EndGlobalSection
EndGlobal
