
Microsoft Visual Studio Solution File, Format Version 12.00
# Visual Studio Version 16
VisualStudioVersion = 25.0.1703.0
MinimumVisualStudioVersion = 10.0.40219.1
Project("{FAE04EC0-301F-11D3-BF4B-00C04F79EFBC}") = "Lecture", "Lecture\Lecture.csproj", "{F8726788-F1D6-4C66-8ADD-D6BB48417A63}"
EndProject
Project("{FAE04EC0-301F-11D3-BF4B-00C04F79EFBC}") = "Infrastructure", "Infrastructure\Infrastructure.csproj", "{321F4D04-6796-4A36-82EB-1A68936E4853}"
EndProject
Global
	GlobalSection(SolutionConfigurationPlatforms) = preSolution
		Debug|Any CPU = Debug|Any CPU
		Release|Any CPU = Release|Any CPU
	EndGlobalSection
	GlobalSection(ProjectConfigurationPlatforms) = postSolution
		{F8726788-F1D6-4C66-8ADD-D6BB48417A63}.Debug|Any CPU.ActiveCfg = Debug|Any CPU
		{F8726788-F1D6-4C66-8ADD-D6BB48417A63}.Debug|Any CPU.Build.0 = Debug|Any CPU
		{F8726788-F1D6-4C66-8ADD-D6BB48417A63}.Release|Any CPU.ActiveCfg = Release|Any CPU
		{F8726788-F1D6-4C66-8ADD-D6BB48417A63}.Release|Any CPU.Build.0 = Release|Any CPU
		{321F4D04-6796-4A36-82EB-1A68936E4853}.Debug|Any CPU.ActiveCfg = Debug|Any CPU
		{321F4D04-6796-4A36-82EB-1A68936E4853}.Debug|Any CPU.Build.0 = Debug|Any CPU
		{321F4D04-6796-4A36-82EB-1A68936E4853}.Release|Any CPU.ActiveCfg = Release|Any CPU
		{321F4D04-6796-4A36-82EB-1A68936E4853}.Release|Any CPU.Build.0 = Release|Any CPU
	EndGlobalSection
	GlobalSection(SolutionProperties) = preSolution
		HideSolutionNode = FALSE
	EndGlobalSection
	GlobalSection(ExtensibilityGlobals) = postSolution
		SolutionGuid = {F699B1E8-29D1-4FFA-99A9-00E88BD50C2E}
	EndGlobalSection
EndGlobal
