
Microsoft Visual Studio Solution File, Format Version 12.00
# Visual Studio Version 16
VisualStudioVersion = 25.0.1704.0
MinimumVisualStudioVersion = 10.0.40219.1
Project("{FAE04EC0-301F-11D3-BF4B-00C04F79EFBC}") = "AspIntroduction", "AspIntroduction\AspIntroduction.csproj", "{B98EE197-1A33-44AE-90CA-252436453DD8}"
EndProject
Project("{E53339B2-1760-4266-BCC7-CA923CBCF16C}") = "docker-compose", "docker-compose.dcproj", "{0A9FB862-4368-47F6-88DB-7459D1A858C8}"
EndProject
Global
	GlobalSection(SolutionConfigurationPlatforms) = preSolution
		Debug|Any CPU = Debug|Any CPU
		Release|Any CPU = Release|Any CPU
	EndGlobalSection
	GlobalSection(ProjectConfigurationPlatforms) = postSolution
		{B98EE197-1A33-44AE-90CA-252436453DD8}.Debug|Any CPU.ActiveCfg = Debug|Any CPU
		{B98EE197-1A33-44AE-90CA-252436453DD8}.Debug|Any CPU.Build.0 = Debug|Any CPU
		{B98EE197-1A33-44AE-90CA-252436453DD8}.Release|Any CPU.ActiveCfg = Release|Any CPU
		{B98EE197-1A33-44AE-90CA-252436453DD8}.Release|Any CPU.Build.0 = Release|Any CPU
		{0A9FB862-4368-47F6-88DB-7459D1A858C8}.Debug|Any CPU.ActiveCfg = Debug|Any CPU
		{0A9FB862-4368-47F6-88DB-7459D1A858C8}.Debug|Any CPU.Build.0 = Debug|Any CPU
		{0A9FB862-4368-47F6-88DB-7459D1A858C8}.Release|Any CPU.ActiveCfg = Release|Any CPU
		{0A9FB862-4368-47F6-88DB-7459D1A858C8}.Release|Any CPU.Build.0 = Release|Any CPU
	EndGlobalSection
	GlobalSection(SolutionProperties) = preSolution
		HideSolutionNode = FALSE
	EndGlobalSection
	GlobalSection(ExtensibilityGlobals) = postSolution
		SolutionGuid = {970FC615-CEAE-4D61-A083-1563162687AF}
	EndGlobalSection
EndGlobal
