
Microsoft Visual Studio Solution File, Format Version 12.00
# Visual Studio Version 16
VisualStudioVersion = 25.0.1703.0
MinimumVisualStudioVersion = 10.0.40219.1
Project("{FAE04EC0-301F-11D3-BF4B-00C04F79EFBC}") = "SoftUni", "SoftUni.csproj", "{82D32E7D-E196-490D-990A-55B7B0647BAB}"
EndProject
Global
	GlobalSection(SolutionConfigurationPlatforms) = preSolution
		Debug|Any CPU = Debug|Any CPU
		Release|Any CPU = Release|Any CPU
	EndGlobalSection
	GlobalSection(ProjectConfigurationPlatforms) = postSolution
		{82D32E7D-E196-490D-990A-55B7B0647BAB}.Debug|Any CPU.ActiveCfg = Debug|Any CPU
		{82D32E7D-E196-490D-990A-55B7B0647BAB}.Debug|Any CPU.Build.0 = Debug|Any CPU
		{82D32E7D-E196-490D-990A-55B7B0647BAB}.Release|Any CPU.ActiveCfg = Release|Any CPU
		{82D32E7D-E196-490D-990A-55B7B0647BAB}.Release|Any CPU.Build.0 = Release|Any CPU
	EndGlobalSection
	GlobalSection(SolutionProperties) = preSolution
		HideSolutionNode = FALSE
	EndGlobalSection
	GlobalSection(ExtensibilityGlobals) = postSolution
		SolutionGuid = {D78C4BC7-BE3C-41D1-B20A-20F290BAD309}
	EndGlobalSection
EndGlobal
