
Microsoft Visual Studio Solution File, Format Version 12.00
# Visual Studio Version 16
VisualStudioVersion = 16.0.810.14
MinimumVisualStudioVersion = 10.0.40219.1
Project("{FAE04EC0-301F-11D3-BF4B-00C04F79EFBC}") = "Gym", "Gym.csproj", "{37F95989-F5C6-43BC-903F-CCC651FA5EB4}"
EndProject
Global
	GlobalSection(SolutionConfigurationPlatforms) = preSolution
		Debug|Any CPU = Debug|Any CPU
		Release|Any CPU = Release|Any CPU
	EndGlobalSection
	GlobalSection(ProjectConfigurationPlatforms) = postSolution
		{37F95989-F5C6-43BC-903F-CCC651FA5EB4}.Debug|Any CPU.ActiveCfg = Debug|Any CPU
		{37F95989-F5C6-43BC-903F-CCC651FA5EB4}.Debug|Any CPU.Build.0 = Debug|Any CPU
		{37F95989-F5C6-43BC-903F-CCC651FA5EB4}.Release|Any CPU.ActiveCfg = Release|Any CPU
		{37F95989-F5C6-43BC-903F-CCC651FA5EB4}.Release|Any CPU.Build.0 = Release|Any CPU
	EndGlobalSection
	GlobalSection(SolutionProperties) = preSolution
		HideSolutionNode = FALSE
	EndGlobalSection
	GlobalSection(ExtensibilityGlobals) = postSolution
		SolutionGuid = {1803E096-3DA7-459E-BF80-E87FAFCE8EB8}
	EndGlobalSection
EndGlobal
